Microsoft Visual Studio Solution File, Format Version 12.00
# Visual Studio 16
Project("{8BC9CEB8-8B4A-11D0-8D11-00A0C91BC942}") = "ALL_BUILD", "ALL_BUILD.vcxproj", "{D42F5E72-F3BC-3E56-9F9E-7E1FAA41D288}"
	ProjectSection(ProjectDependencies) = postProject
		{82963182-CACB-3DCC-B35B-388B14F5F8C4} = {82963182-CACB-3DCC-B35B-388B14F5F8C4}
		{F5A990CF-32AA-33C5-933E-AD5E34A46C52} = {F5A990CF-32AA-33C5-933E-AD5E34A46C52}
	EndProjectSection
EndProject
Project("{8BC9CEB8-8B4A-11D0-8D11-00A0C91BC942}") = "IPhysiqueLib", "IPhysiqueLib.vcxproj", "{82963182-CACB-3DCC-B35B-388B14F5F8C4}"
	ProjectSection(ProjectDependencies) = postProject
		{F5A990CF-32AA-33C5-933E-AD5E34A46C52} = {F5A990CF-32AA-33C5-933E-AD5E34A46C52}
	EndProjectSection
EndProject
Project("{8BC9CEB8-8B4A-11D0-8D11-00A0C91BC942}") = "ZERO_CHECK", "ZERO_CHECK.vcxproj", "{F5A990CF-32AA-33C5-933E-AD5E34A46C52}"
	ProjectSection(ProjectDependencies) = postProject
	EndProjectSection
EndProject
Global
	GlobalSection(SolutionConfigurationPlatforms) = preSolution
		Debug|x64 = Debug|x64
		Release|x64 = Release|x64
		MinSizeRel|x64 = MinSizeRel|x64
		RelWithDebInfo|x64 = RelWithDebInfo|x64
	EndGlobalSection
	GlobalSection(ProjectConfigurationPlatforms) = postSolution
		{D42F5E72-F3BC-3E56-9F9E-7E1FAA41D288}.Debug|x64.ActiveCfg = Debug|x64
		{D42F5E72-F3BC-3E56-9F9E-7E1FAA41D288}.Release|x64.ActiveCfg = Release|x64
		{D42F5E72-F3BC-3E56-9F9E-7E1FAA41D288}.MinSizeRel|x64.ActiveCfg = MinSizeRel|x64
		{D42F5E72-F3BC-3E56-9F9E-7E1FAA41D288}.RelWithDebInfo|x64.ActiveCfg = RelWithDebInfo|x64
		{82963182-CACB-3DCC-B35B-388B14F5F8C4}.Debug|x64.ActiveCfg = Debug|x64
		{82963182-CACB-3DCC-B35B-388B14F5F8C4}.Debug|x64.Build.0 = Debug|x64
		{82963182-CACB-3DCC-B35B-388B14F5F8C4}.Release|x64.ActiveCfg = Release|x64
		{82963182-CACB-3DCC-B35B-388B14F5F8C4}.Release|x64.Build.0 = Release|x64
		{82963182-CACB-3DCC-B35B-388B14F5F8C4}.MinSizeRel|x64.ActiveCfg = MinSizeRel|x64
		{82963182-CACB-3DCC-B35B-388B14F5F8C4}.MinSizeRel|x64.Build.0 = MinSizeRel|x64
		{82963182-CACB-3DCC-B35B-388B14F5F8C4}.RelWithDebInfo|x64.ActiveCfg = RelWithDebInfo|x64
		{82963182-CACB-3DCC-B35B-388B14F5F8C4}.RelWithDebInfo|x64.Build.0 = RelWithDebInfo|x64
		{F5A990CF-32AA-33C5-933E-AD5E34A46C52}.Debug|x64.ActiveCfg = Debug|x64
		{F5A990CF-32AA-33C5-933E-AD5E34A46C52}.Debug|x64.Build.0 = Debug|x64
		{F5A990CF-32AA-33C5-933E-AD5E34A46C52}.Release|x64.ActiveCfg = Release|x64
		{F5A990CF-32AA-33C5-933E-AD5E34A46C52}.Release|x64.Build.0 = Release|x64
		{F5A990CF-32AA-33C5-933E-AD5E34A46C52}.MinSizeRel|x64.ActiveCfg = MinSizeRel|x64
		{F5A990CF-32AA-33C5-933E-AD5E34A46C52}.MinSizeRel|x64.Build.0 = MinSizeRel|x64
		{F5A990CF-32AA-33C5-933E-AD5E34A46C52}.RelWithDebInfo|x64.ActiveCfg = RelWithDebInfo|x64
		{F5A990CF-32AA-33C5-933E-AD5E34A46C52}.RelWithDebInfo|x64.Build.0 = RelWithDebInfo|x64
	EndGlobalSection
	GlobalSection(ExtensibilityGlobals) = postSolution
		SolutionGuid = {533F0BCC-E4CD-343E-AADE-6D0C0CB3F5F6}
	EndGlobalSection
	GlobalSection(ExtensibilityAddIns) = postSolution
	EndGlobalSection
EndGlobal
